
Microsoft Visual Studio Solution File, Format Version 12.00
# Visual Studio Version 17
VisualStudioVersion = 17.7.34031.279
MinimumVisualStudioVersion = 10.0.40219.1
Project("{FAE04EC0-301F-11D3-BF4B-00C04F79EFBC}") = "Swapping two numbers", "Swapping two numbers.csproj", "{BC0E11CD-35E3-49BA-B108-510680BC1D2F}"
EndProject
Global
	GlobalSection(SolutionConfigurationPlatforms) = preSolution
		Debug|Any CPU = Debug|Any CPU
		Release|Any CPU = Release|Any CPU
	EndGlobalSection
	GlobalSection(ProjectConfigurationPlatforms) = postSolution
		{BC0E11CD-35E3-49BA-B108-510680BC1D2F}.Debug|Any CPU.ActiveCfg = Debug|Any CPU
		{BC0E11CD-35E3-49BA-B108-510680BC1D2F}.Debug|Any CPU.Build.0 = Debug|Any CPU
		{BC0E11CD-35E3-49BA-B108-510680BC1D2F}.Release|Any CPU.ActiveCfg = Release|Any CPU
		{BC0E11CD-35E3-49BA-B108-510680BC1D2F}.Release|Any CPU.Build.0 = Release|Any CPU
	EndGlobalSection
	GlobalSection(SolutionProperties) = preSolution
		HideSolutionNode = FALSE
	EndGlobalSection
	GlobalSection(ExtensibilityGlobals) = postSolution
		SolutionGuid = {780CCAD4-D68F-49B4-8F84-7BCD89C2F1A7}
	EndGlobalSection
EndGlobal
